// !$*UTF8*$!
{
	archiveVersion = 1;
	classes = {
	};
	objectVersion = 55;
	objects = {

/* Begin PBXBuildFile section */
		0401EA6929BF4CF0004F8A70 /* AppDelegate.swift in Sources */ = {isa = PBXBuildFile; fileRef = 0401EA6829BF4CF0004F8A70 /* AppDelegate.swift */; };
		0401EA6B29BF4CF0004F8A70 /* SceneDelegate.swift in Sources */ = {isa = PBXBuildFile; fileRef = 0401EA6A29BF4CF0004F8A70 /* SceneDelegate.swift */; };
		0401EA6D29BF4CF0004F8A70 /* ViewController.swift in Sources */ = {isa = PBXBuildFile; fileRef = 0401EA6C29BF4CF0004F8A70 /* ViewController.swift */; };
		0401EA7029BF4CF0004F8A70 /* Main.storyboard in Resources */ = {isa = PBXBuildFile; fileRef = 0401EA6E29BF4CF0004F8A70 /* Main.storyboard */; };
		0401EA7229BF4CF2004F8A70 /* Assets.xcassets in Resources */ = {isa = PBXBuildFile; fileRef = 0401EA7129BF4CF2004F8A70 /* Assets.xcassets */; };
		0401EA7529BF4CF2004F8A70 /* LaunchScreen.storyboard in Resources */ = {isa = PBXBuildFile; fileRef = 0401EA7329BF4CF2004F8A70 /* LaunchScreen.storyboard */; };
		0401EA8029BF4CF2004F8A70 /* Project_1Tests.swift in Sources */ = {isa = PBXBuildFile; fileRef = 0401EA7F29BF4CF2004F8A70 /* Project_1Tests.swift */; };
		0401EA8A29BF4CF2004F8A70 /* Project_1UITests.swift in Sources */ = {isa = PBXBuildFile; fileRef = 0401EA8929BF4CF2004F8A70 /* Project_1UITests.swift */; };
		0401EA8C29BF4CF2004F8A70 /* Project_1UITestsLaunchTests.swift in Sources */ = {isa = PBXBuildFile; fileRef = 0401EA8B29BF4CF2004F8A70 /* Project_1UITestsLaunchTests.swift */; };
		0401EA9A29BF4D90004F8A70 /* postsCollectionViewCell.swift in Sources */ = {isa = PBXBuildFile; fileRef = 0401EA9829BF4D90004F8A70 /* postsCollectionViewCell.swift */; };
		0401EA9B29BF4D90004F8A70 /* postsCollectionViewCell.xib in Resources */ = {isa = PBXBuildFile; fileRef = 0401EA9929BF4D90004F8A70 /* postsCollectionViewCell.xib */; };
		0401EA9D29BF4DA8004F8A70 /* Posts.swift in Sources */ = {isa = PBXBuildFile; fileRef = 0401EA9C29BF4DA8004F8A70 /* Posts.swift */; };
		0401EA9F29BF5175004F8A70 /* PostDetailViewController.swift in Sources */ = {isa = PBXBuildFile; fileRef = 0401EA9E29BF5175004F8A70 /* PostDetailViewController.swift */; };
		0425D73129D018B5006599FF /* HomeViewController.swift in Sources */ = {isa = PBXBuildFile; fileRef = 0425D73029D018B5006599FF /* HomeViewController.swift */; };
		0425D73329D0227A006599FF /* CommentsViewController.swift in Sources */ = {isa = PBXBuildFile; fileRef = 0425D73229D0227A006599FF /* CommentsViewController.swift */; };
		0425D73529D02295006599FF /* Comments.swift in Sources */ = {isa = PBXBuildFile; fileRef = 0425D73429D02295006599FF /* Comments.swift */; };
		0425D73729D022BF006599FF /* CommentsDetailViewController.swift in Sources */ = {isa = PBXBuildFile; fileRef = 0425D73629D022BF006599FF /* CommentsDetailViewController.swift */; };
		0425D73A29D022EB006599FF /* commentsTableViewCell.swift in Sources */ = {isa = PBXBuildFile; fileRef = 0425D73829D022EB006599FF /* commentsTableViewCell.swift */; };
		0425D73B29D022EB006599FF /* commentsTableViewCell.xib in Resources */ = {isa = PBXBuildFile; fileRef = 0425D73929D022EB006599FF /* commentsTableViewCell.xib */; };
/* End PBXBuildFile section */

/* Begin PBXContainerItemProxy section */
		0401EA7C29BF4CF2004F8A70 /* PBXContainerItemProxy */ = {
			isa = PBXContainerItemProxy;
			containerPortal = 0401EA5D29BF4CF0004F8A70 /* Project object */;
			proxyType = 1;
			remoteGlobalIDString = 0401EA6429BF4CF0004F8A70;
			remoteInfo = "Project-1";
		};
		0401EA8629BF4CF2004F8A70 /* PBXContainerItemProxy */ = {
			isa = PBXContainerItemProxy;
			containerPortal = 0401EA5D29BF4CF0004F8A70 /* Project object */;
			proxyType = 1;
			remoteGlobalIDString = 0401EA6429BF4CF0004F8A70;
			remoteInfo = "Project-1";
		};
/* End PBXContainerItemProxy section */

/* Begin PBXFileReference section */
		0401EA6529BF4CF0004F8A70 /* Project-1.app */ = {isa = PBXFileReference; explicitFileType = wrapper.application; includeInIndex = 0; path = "Project-1.app"; sourceTree = BUILT_PRODUCTS_DIR; };
		0401EA6829BF4CF0004F8A70 /* AppDelegate.swift */ = {isa = PBXFileReference; lastKnownFileType = sourcecode.swift; path = AppDelegate.swift; sourceTree = "<group>"; };
		0401EA6A29BF4CF0004F8A70 /* SceneDelegate.swift */ = {isa = PBXFileReference; lastKnownFileType = sourcecode.swift; path = SceneDelegate.swift; sourceTree = "<group>"; };
		0401EA6C29BF4CF0004F8A70 /* ViewController.swift */ = {isa = PBXFileReference; lastKnownFileType = sourcecode.swift; path = ViewController.swift; sourceTree = "<group>"; };
		0401EA6F29BF4CF0004F8A70 /* Base */ = {isa = PBXFileReference; lastKnownFileType = file.storyboard; name = Base; path = Base.lproj/Main.storyboard; sourceTree = "<group>"; };
		0401EA7129BF4CF2004F8A70 /* Assets.xcassets */ = {isa = PBXFileReference; lastKnownFileType = folder.assetcatalog; path = Assets.xcassets; sourceTree = "<group>"; };
		0401EA7429BF4CF2004F8A70 /* Base */ = {isa = PBXFileReference; lastKnownFileType = file.storyboard; name = Base; path = Base.lproj/LaunchScreen.storyboard; sourceTree = "<group>"; };
		0401EA7629BF4CF2004F8A70 /* Info.plist */ = {isa = PBXFileReference; lastKnownFileType = text.plist.xml; path = Info.plist; sourceTree = "<group>"; };
		0401EA7B29BF4CF2004F8A70 /* Project-1Tests.xctest */ = {isa = PBXFileReference; explicitFileType = wrapper.cfbundle; includeInIndex = 0; path = "Project-1Tests.xctest"; sourceTree = BUILT_PRODUCTS_DIR; };
		0401EA7F29BF4CF2004F8A70 /* Project_1Tests.swift */ = {isa = PBXFileReference; lastKnownFileType = sourcecode.swift; path = Project_1Tests.swift; sourceTree = "<group>"; };
		0401EA8529BF4CF2004F8A70 /* Project-1UITests.xctest */ = {isa = PBXFileReference; explicitFileType = wrapper.cfbundle; includeInIndex = 0; path = "Project-1UITests.xctest"; sourceTree = BUILT_PRODUCTS_DIR; };
		0401EA8929BF4CF2004F8A70 /* Project_1UITests.swift */ = {isa = PBXFileReference; lastKnownFileType = sourcecode.swift; path = Project_1UITests.swift; sourceTree = "<group>"; };
		0401EA8B29BF4CF2004F8A70 /* Project_1UITestsLaunchTests.swift */ = {isa = PBXFileReference; lastKnownFileType = sourcecode.swift; path = Project_1UITestsLaunchTests.swift; sourceTree = "<group>"; };
		0401EA9829BF4D90004F8A70 /* postsCollectionViewCell.swift */ = {isa = PBXFileReference; lastKnownFileType = sourcecode.swift; path = postsCollectionViewCell.swift; sourceTree = "<group>"; };
		0401EA9929BF4D90004F8A70 /* postsCollectionViewCell.xib */ = {isa = PBXFileReference; lastKnownFileType = file.xib; path = postsCollectionViewCell.xib; sourceTree = "<group>"; };
		0401EA9C29BF4DA8004F8A70 /* Posts.swift */ = {isa = PBXFileReference; lastKnownFileType = sourcecode.swift; path = Posts.swift; sourceTree = "<group>"; };
		0401EA9E29BF5175004F8A70 /* PostDetailViewController.swift */ = {isa = PBXFileReference; lastKnownFileType = sourcecode.swift; path = PostDetailViewController.swift; sourceTree = "<group>"; };
		0425D73029D018B5006599FF /* HomeViewController.swift */ = {isa = PBXFileReference; lastKnownFileType = sourcecode.swift; path = HomeViewController.swift; sourceTree = "<group>"; };
		0425D73229D0227A006599FF /* CommentsViewController.swift */ = {isa = PBXFileReference; lastKnownFileType = sourcecode.swift; path = CommentsViewController.swift; sourceTree = "<group>"; };
		0425D73429D02295006599FF /* Comments.swift */ = {isa = PBXFileReference; lastKnownFileType = sourcecode.swift; path = Comments.swift; sourceTree = "<group>"; };
		0425D73629D022BF006599FF /* CommentsDetailViewController.swift */ = {isa = PBXFileReference; lastKnownFileType = sourcecode.swift; path = CommentsDetailViewController.swift; sourceTree = "<group>"; };
		0425D73829D022EB006599FF /* commentsTableViewCell.swift */ = {isa = PBXFileReference; lastKnownFileType = sourcecode.swift; path = commentsTableViewCell.swift; sourceTree = "<group>"; };
		0425D73929D022EB006599FF /* commentsTableViewCell.xib */ = {isa = PBXFileReference; lastKnownFileType = file.xib; path = commentsTableViewCell.xib; sourceTree = "<group>"; };
/* End PBXFileReference section */

/* Begin PBXFrameworksBuildPhase section */
		0401EA6229BF4CF0004F8A70 /* Frameworks */ = {
			isa = PBXFrameworksBuildPhase;
			buildActionMask = 2147483647;
			files = (
			);
			runOnlyForDeploymentPostprocessing = 0;
		};
		0401EA7829BF4CF2004F8A70 /* Frameworks */ = {
			isa = PBXFrameworksBuildPhase;
			buildActionMask = 2147483647;
			files = (
			);
			runOnlyForDeploymentPostprocessing = 0;
		};
		0401EA8229BF4CF2004F8A70 /* Frameworks */ = {
			isa = PBXFrameworksBuildPhase;
			buildActionMask = 2147483647;
			files = (
			);
			runOnlyForDeploymentPostprocessing = 0;
		};
/* End PBXFrameworksBuildPhase section */

/* Begin PBXGroup section */
		0401EA5C29BF4CF0004F8A70 = {
			isa = PBXGroup;
			children = (
				0401EA6729BF4CF0004F8A70 /* Project-1 */,
				0401EA7E29BF4CF2004F8A70 /* Project-1Tests */,
				0401EA8829BF4CF2004F8A70 /* Project-1UITests */,
				0401EA6629BF4CF0004F8A70 /* Products */,
			);
			sourceTree = "<group>";
		};
		0401EA6629BF4CF0004F8A70 /* Products */ = {
			isa = PBXGroup;
			children = (
				0401EA6529BF4CF0004F8A70 /* Project-1.app */,
				0401EA7B29BF4CF2004F8A70 /* Project-1Tests.xctest */,
				0401EA8529BF4CF2004F8A70 /* Project-1UITests.xctest */,
			);
			name = Products;
			sourceTree = "<group>";
		};
		0401EA6729BF4CF0004F8A70 /* Project-1 */ = {
			isa = PBXGroup;
			children = (
				0401EA6829BF4CF0004F8A70 /* AppDelegate.swift */,
				0401EA6A29BF4CF0004F8A70 /* SceneDelegate.swift */,
				0401EA6C29BF4CF0004F8A70 /* ViewController.swift */,
				0401EA6E29BF4CF0004F8A70 /* Main.storyboard */,
				0401EA7129BF4CF2004F8A70 /* Assets.xcassets */,
				0401EA7329BF4CF2004F8A70 /* LaunchScreen.storyboard */,
				0401EA7629BF4CF2004F8A70 /* Info.plist */,
				0401EA9829BF4D90004F8A70 /* postsCollectionViewCell.swift */,
				0401EA9929BF4D90004F8A70 /* postsCollectionViewCell.xib */,
				0401EA9C29BF4DA8004F8A70 /* Posts.swift */,
				0401EA9E29BF5175004F8A70 /* PostDetailViewController.swift */,
				0425D73029D018B5006599FF /* HomeViewController.swift */,
				0425D73229D0227A006599FF /* CommentsViewController.swift */,
				0425D73429D02295006599FF /* Comments.swift */,
				0425D73629D022BF006599FF /* CommentsDetailViewController.swift */,
				0425D73829D022EB006599FF /* commentsTableViewCell.swift */,
				0425D73929D022EB006599FF /* commentsTableViewCell.xib */,
			);
			path = "Project-1";
			sourceTree = "<group>";
		};
		0401EA7E29BF4CF2004F8A70 /* Project-1Tests */ = {
			isa = PBXGroup;
			children = (
				0401EA7F29BF4CF2004F8A70 /* Project_1Tests.swift */,
			);
			path = "Project-1Tests";
			sourceTree = "<group>";
		};
		0401EA8829BF4CF2004F8A70 /* Project-1UITests */ = {
			isa = PBXGroup;
			children = (
				0401EA8929BF4CF2004F8A70 /* Project_1UITests.swift */,
				0401EA8B29BF4CF2004F8A70 /* Project_1UITestsLaunchTests.swift */,
			);
			path = "Project-1UITests";
			sourceTree = "<group>";
		};
/* End PBXGroup section */

/* Begin PBXNativeTarget section */
		0401EA6429BF4CF0004F8A70 /* Project-1 */ = {
			isa = PBXNativeTarget;
			buildConfigurationList = 0401EA8F29BF4CF2004F8A70 /* Build configuration list for PBXNativeTarget "Project-1" */;
			buildPhases = (
				0401EA6129BF4CF0004F8A70 /* Sources */,
				0401EA6229BF4CF0004F8A70 /* Frameworks */,
				0401EA6329BF4CF0004F8A70 /* Resources */,
			);
			buildRules = (
			);
			dependencies = (
			);
			name = "Project-1";
			productName = "Project-1";
			productReference = 0401EA6529BF4CF0004F8A70 /* Project-1.app */;
			productType = "com.apple.product-type.application";
		};
		0401EA7A29BF4CF2004F8A70 /* Project-1Tests */ = {
			isa = PBXNativeTarget;
			buildConfigurationList = 0401EA9229BF4CF2004F8A70 /* Build configuration list for PBXNativeTarget "Project-1Tests" */;
			buildPhases = (
				0401EA7729BF4CF2004F8A70 /* Sources */,
				0401EA7829BF4CF2004F8A70 /* Frameworks */,
				0401EA7929BF4CF2004F8A70 /* Resources */,
			);
			buildRules = (
			);
			dependencies = (
				0401EA7D29BF4CF2004F8A70 /* PBXTargetDependency */,
			);
			name = "Project-1Tests";
			productName = "Project-1Tests";
			productReference = 0401EA7B29BF4CF2004F8A70 /* Project-1Tests.xctest */;
			productType = "com.apple.product-type.bundle.unit-test";
		};
		0401EA8429BF4CF2004F8A70 /* Project-1UITests */ = {
			isa = PBXNativeTarget;
			buildConfigurationList = 0401EA9529BF4CF2004F8A70 /* Build configuration list for PBXNativeTarget "Project-1UITests" */;
			buildPhases = (
				0401EA8129BF4CF2004F8A70 /* Sources */,
				0401EA8229BF4CF2004F8A70 /* Frameworks */,
				0401EA8329BF4CF2004F8A70 /* Resources */,
			);
			buildRules = (
			);
			dependencies = (
				0401EA8729BF4CF2004F8A70 /* PBXTargetDependency */,
			);
			name = "Project-1UITests";
			productName = "Project-1UITests";
			productReference = 0401EA8529BF4CF2004F8A70 /* Project-1UITests.xctest */;
			productType = "com.apple.product-type.bundle.ui-testing";
		};
/* End PBXNativeTarget section */

/* Begin PBXProject section */
		0401EA5D29BF4CF0004F8A70 /* Project object */ = {
			isa = PBXProject;
			attributes = {
				BuildIndependentTargetsInParallel = 1;
				LastSwiftUpdateCheck = 1340;
				LastUpgradeCheck = 1340;
				TargetAttributes = {
					0401EA6429BF4CF0004F8A70 = {
						CreatedOnToolsVersion = 13.4.1;
					};
					0401EA7A29BF4CF2004F8A70 = {
						CreatedOnToolsVersion = 13.4.1;
						TestTargetID = 0401EA6429BF4CF0004F8A70;
					};
					0401EA8429BF4CF2004F8A70 = {
						CreatedOnToolsVersion = 13.4.1;
						TestTargetID = 0401EA6429BF4CF0004F8A70;
					};
				};
			};
			buildConfigurationList = 0401EA6029BF4CF0004F8A70 /* Build configuration list for PBXProject "Project-1" */;
			compatibilityVersion = "Xcode 13.0";
			developmentRegion = en;
			hasScannedForEncodings = 0;
			knownRegions = (
				en,
				Base,
			);
			mainGroup = 0401EA5C29BF4CF0004F8A70;
			productRefGroup = 0401EA6629BF4CF0004F8A70 /* Products */;
			projectDirPath = "";
			projectRoot = "";
			targets = (
				0401EA6429BF4CF0004F8A70 /* Project-1 */,
				0401EA7A29BF4CF2004F8A70 /* Project-1Tests */,
				0401EA8429BF4CF2004F8A70 /* Project-1UITests */,
			);
		};
/* End PBXProject section */

/* Begin PBXResourcesBuildPhase section */
		0401EA6329BF4CF0004F8A70 /* Resources */ = {
			isa = PBXResourcesBuildPhase;
			buildActionMask = 2147483647;
			files = (
				0425D73B29D022EB006599FF /* commentsTableViewCell.xib in Resources */,
				0401EA9B29BF4D90004F8A70 /* postsCollectionViewCell.xib in Resources */,
				0401EA7529BF4CF2004F8A70 /* LaunchScreen.storyboard in Resources */,
				0401EA7229BF4CF2004F8A70 /* Assets.xcassets in Resources */,
				0401EA7029BF4CF0004F8A70 /* Main.storyboard in Resources */,
			);
			runOnlyForDeploymentPostprocessing = 0;
		};
		0401EA7929BF4CF2004F8A70 /* Resources */ = {
			isa = PBXResourcesBuildPhase;
			buildActionMask = 2147483647;
			files = (
			);
			runOnlyForDeploymentPostprocessing = 0;
		};
		0401EA8329BF4CF2004F8A70 /* Resources */ = {
			isa = PBXResourcesBuildPhase;
			buildActionMask = 2147483647;
			files = (
			);
			runOnlyForDeploymentPostprocessing = 0;
		};
/* End PBXResourcesBuildPhase section */

/* Begin PBXSourcesBuildPhase section */
		0401EA6129BF4CF0004F8A70 /* Sources */ = {
			isa = PBXSourcesBuildPhase;
			buildActionMask = 2147483647;
			files = (
				0401EA9A29BF4D90004F8A70 /* postsCollectionViewCell.swift in Sources */,
				0401EA9F29BF5175004F8A70 /* PostDetailViewController.swift in Sources */,
				0425D73529D02295006599FF /* Comments.swift in Sources */,
				0401EA6D29BF4CF0004F8A70 /* ViewController.swift in Sources */,
				0425D73A29D022EB006599FF /* commentsTableViewCell.swift in Sources */,
				0401EA9D29BF4DA8004F8A70 /* Posts.swift in Sources */,
				0425D73329D0227A006599FF /* CommentsViewController.swift in Sources */,
				0401EA6929BF4CF0004F8A70 /* AppDelegate.swift in Sources */,
				0425D73129D018B5006599FF /* HomeViewController.swift in Sources */,
				0401EA6B29BF4CF0004F8A70 /* SceneDelegate.swift in Sources */,
				0425D73729D022BF006599FF /* CommentsDetailViewController.swift in Sources */,
			);
			runOnlyForDeploymentPostprocessing = 0;
		};
		0401EA7729BF4CF2004F8A70 /* Sources */ = {
			isa = PBXSourcesBuildPhase;
			buildActionMask = 2147483647;
			files = (
				0401EA8029BF4CF2004F8A70 /* Project_1Tests.swift in Sources */,
			);
			runOnlyForDeploymentPostprocessing = 0;
		};
		0401EA8129BF4CF2004F8A70 /* Sources */ = {
			isa = PBXSourcesBuildPhase;
			buildActionMask = 2147483647;
			files = (
				0401EA8C29BF4CF2004F8A70 /* Project_1UITestsLaunchTests.swift in Sources */,
				0401EA8A29BF4CF2004F8A70 /* Project_1UITests.swift in Sources */,
			);
			runOnlyForDeploymentPostprocessing = 0;
		};
/* End PBXSourcesBuildPhase section */

/* Begin PBXTargetDependency section */
		0401EA7D29BF4CF2004F8A70 /* PBXTargetDependency */ = {
			isa = PBXTargetDependency;
			target = 0401EA6429BF4CF0004F8A70 /* Project-1 */;
			targetProxy = 0401EA7C29BF4CF2004F8A70 /* PBXContainerItemProxy */;
		};
		0401EA8729BF4CF2004F8A70 /* PBXTargetDependency */ = {
			isa = PBXTargetDependency;
			target = 0401EA6429BF4CF0004F8A70 /* Project-1 */;
			targetProxy = 0401EA8629BF4CF2004F8A70 /* PBXContainerItemProxy */;
		};
/* End PBXTargetDependency section */

/* Begin PBXVariantGroup section */
		0401EA6E29BF4CF0004F8A70 /* Main.storyboard */ = {
			isa = PBXVariantGroup;
			children = (
				0401EA6F29BF4CF0004F8A70 /* Base */,
			);
			name = Main.storyboard;
			sourceTree = "<group>";
		};
		0401EA7329BF4CF2004F8A70 /* LaunchScreen.storyboard */ = {
			isa = PBXVariantGroup;
			children = (
				0401EA7429BF4CF2004F8A70 /* Base */,
			);
			name = LaunchScreen.storyboard;
			sourceTree = "<group>";
		};
/* End PBXVariantGroup section */

/* Begin XCBuildConfiguration section */
		0401EA8D29BF4CF2004F8A70 /* Debug */ = {
			isa = XCBuildConfiguration;
			buildSettings = {
				ALWAYS_SEARCH_USER_PATHS = NO;
				CLANG_ANALYZER_NONNULL = YES;
				CLANG_ANALYZER_NUMBER_OBJECT_CONVERSION = YES_AGGRESSIVE;
				CLANG_CXX_LANGUAGE_STANDARD = "gnu++17";
				CLANG_ENABLE_MODULES = YES;
				CLANG_ENABLE_OBJC_ARC = YES;
				CLANG_ENABLE_OBJC_WEAK = YES;
				CLANG_WARN_BLOCK_CAPTURE_AUTORELEASING = YES;
				CLANG_WARN_BOOL_CONVERSION = YES;
				CLANG_WARN_COMMA = YES;
				CLANG_WARN_CONSTANT_CONVERSION = YES;
				CLANG_WARN_DEPRECATED_OBJC_IMPLEMENTATIONS = YES;
				CLANG_WARN_DIRECT_OBJC_ISA_USAGE = YES_ERROR;
				CLANG_WARN_DOCUMENTATION_COMMENTS = YES;
				CLANG_WARN_EMPTY_BODY = YES;
				CLANG_WARN_ENUM_CONVERSION = YES;
				CLANG_WARN_INFINITE_RECURSION = YES;
				CLANG_WARN_INT_CONVERSION = YES;
				CLANG_WARN_NON_LITERAL_NULL_CONVERSION = YES;
				CLANG_WARN_OBJC_IMPLICIT_RETAIN_SELF = YES;
				CLANG_WARN_OBJC_LITERAL_CONVERSION = YES;
				CLANG_WARN_OBJC_ROOT_CLASS = YES_ERROR;
				CLANG_WARN_QUOTED_INCLUDE_IN_FRAMEWORK_HEADER = YES;
				CLANG_WARN_RANGE_LOOP_ANALYSIS = YES;
				CLANG_WARN_STRICT_PROTOTYPES = YES;
				CLANG_WARN_SUSPICIOUS_MOVE = YES;
				CLANG_WARN_UNGUARDED_AVAILABILITY = YES_AGGRESSIVE;
				CLANG_WARN_UNREACHABLE_CODE = YES;
				CLANG_WARN__DUPLICATE_METHOD_MATCH = YES;
				COPY_PHASE_STRIP = NO;
				DEBUG_INFORMATION_FORMAT = dwarf;
				ENABLE_STRICT_OBJC_MSGSEND = YES;
				ENABLE_TESTABILITY = YES;
				GCC_C_LANGUAGE_STANDARD = gnu11;
				GCC_DYNAMIC_NO_PIC = NO;
				GCC_NO_COMMON_BLOCKS = YES;
				GCC_OPTIMIZATION_LEVEL = 0;
				GCC_PREPROCESSOR_DEFINITIONS = (
					"DEBUG=1",
					"$(inherited)",
				);
				GCC_WARN_64_TO_32_BIT_CONVERSION = YES;
				GCC_WARN_ABOUT_RETURN_TYPE = YES_ERROR;
				GCC_WARN_UNDECLARED_SELECTOR = YES;
				GCC_WARN_UNINITIALIZED_AUTOS = YES_AGGRESSIVE;
				GCC_WARN_UNUSED_FUNCTION = YES;
				GCC_WARN_UNUSED_VARIABLE = YES;
				IPHONEOS_DEPLOYMENT_TARGET = 15.5;
				MTL_ENABLE_DEBUG_INFO = INCLUDE_SOURCE;
				MTL_FAST_MATH = YES;
				ONLY_ACTIVE_ARCH = YES;
				SDKROOT = iphoneos;
				SWIFT_ACTIVE_COMPILATION_CONDITIONS = DEBUG;
				SWIFT_OPTIMIZATION_LEVEL = "-Onone";
			};
			name = Debug;
		};
		0401EA8E29BF4CF2004F8A70 /* Release */ = {
			isa = XCBuildConfiguration;
			buildSettings = {
				ALWAYS_SEARCH_USER_PATHS = NO;
				CLANG_ANALYZER_NONNULL = YES;
				CLANG_ANALYZER_NUMBER_OBJECT_CONVERSION = YES_AGGRESSIVE;
				CLANG_CXX_LANGUAGE_STANDARD = "gnu++17";
				CLANG_ENABLE_MODULES = YES;
				CLANG_ENABLE_OBJC_ARC = YES;
				CLANG_ENABLE_OBJC_WEAK = YES;
				CLANG_WARN_BLOCK_CAPTURE_AUTORELEASING = YES;
				CLANG_WARN_BOOL_CONVERSION = YES;
				CLANG_WARN_COMMA = YES;
				CLANG_WARN_CONSTANT_CONVERSION = YES;
				CLANG_WARN_DEPRECATED_OBJC_IMPLEMENTATIONS = YES;
				CLANG_WARN_DIRECT_OBJC_ISA_USAGE = YES_ERROR;
				CLANG_WARN_DOCUMENTATION_COMMENTS = YES;
				CLANG_WARN_EMPTY_BODY = YES;
				CLANG_WARN_ENUM_CONVERSION = YES;
				CLANG_WARN_INFINITE_RECURSION = YES;
				CLANG_WARN_INT_CONVERSION = YES;
				CLANG_WARN_NON_LITERAL_NULL_CONVERSION = YES;
				CLANG_WARN_OBJC_IMPLICIT_RETAIN_SELF = YES;
				CLANG_WARN_OBJC_LITERAL_CONVERSION = YES;
				CLANG_WARN_OBJC_ROOT_CLASS = YES_ERROR;
				CLANG_WARN_QUOTED_INCLUDE_IN_FRAMEWORK_HEADER = YES;
				CLANG_WARN_RANGE_LOOP_ANALYSIS = YES;
				CLANG_WARN_STRICT_PROTOTYPES = YES;
				CLANG_WARN_SUSPICIOUS_MOVE = YES;
				CLANG_WARN_UNGUARDED_AVAILABILITY = YES_AGGRESSIVE;
				CLANG_WARN_UNREACHABLE_CODE = YES;
				CLANG_WARN__DUPLICATE_METHOD_MATCH = YES;
				COPY_PHASE_STRIP = NO;
				DEBUG_INFORMATION_FORMAT = "dwarf-with-dsym";
				ENABLE_NS_ASSERTIONS = NO;
				ENABLE_STRICT_OBJC_MSGSEND = YES;
				GCC_C_LANGUAGE_STANDARD = gnu11;
				GCC_NO_COMMON_BLOCKS = YES;
				GCC_WARN_64_TO_32_BIT_CONVERSION = YES;
				GCC_WARN_ABOUT_RETURN_TYPE = YES_ERROR;
				GCC_WARN_UNDECLARED_SELECTOR = YES;
				GCC_WARN_UNINITIALIZED_AUTOS = YES_AGGRESSIVE;
				GCC_WARN_UNUSED_FUNCTION = YES;
				GCC_WARN_UNUSED_VARIABLE = YES;
				IPHONEOS_DEPLOYMENT_TARGET = 15.5;
				MTL_ENABLE_DEBUG_INFO = NO;
				MTL_FAST_MATH = YES;
				SDKROOT = iphoneos;
				SWIFT_COMPILATION_MODE = wholemodule;
				SWIFT_OPTIMIZATION_LEVEL = "-O";
				VALIDATE_PRODUCT = YES;
			};
			name = Release;
		};
		0401EA9029BF4CF2004F8A70 /* Debug */ = {
			isa = XCBuildConfiguration;
			buildSettings = {
				ASSETCATALOG_COMPILER_APPICON_NAME = AppIcon;
				ASSETCATALOG_COMPILER_GLOBAL_ACCENT_COLOR_NAME = AccentColor;
				CODE_SIGN_STYLE = Automatic;
				CURRENT_PROJECT_VERSION = 1;
				GENERATE_INFOPLIST_FILE = YES;
				INFOPLIST_FILE = "Project-1/Info.plist";
				INFOPLIST_KEY_UIApplicationSupportsIndirectInputEvents = YES;
				INFOPLIST_KEY_UILaunchStoryboardName = LaunchScreen;
				INFOPLIST_KEY_UIMainStoryboardFile = Main;
				INFOPLIST_KEY_UISupportedInterfaceOrientations_iPad = "UIInterfaceOrientationPortrait UIInterfaceOrientationPortraitUpsideDown UIInterfaceOrientationLandscapeLeft UIInterfaceOrientationLandscapeRight";
				INFOPLIST_KEY_UISupportedInterfaceOrientations_iPhone = "UIInterfaceOrientationPortrait UIInterfaceOrientationLandscapeLeft UIInterfaceOrientationLandscapeRight";
				LD_RUNPATH_SEARCH_PATHS = (
					"$(inherited)",
					"@executable_path/Frameworks",
				);
				MARKETING_VERSION = 1.0;
				PRODUCT_BUNDLE_IDENTIFIER = "swift.Project-1";
				PRODUCT_NAME = "$(TARGET_NAME)";
				SWIFT_EMIT_LOC_STRINGS = YES;
				SWIFT_VERSION = 5.0;
				TARGETED_DEVICE_FAMILY = "1,2";
			};
			name = Debug;
		};
		0401EA9129BF4CF2004F8A70 /* Release */ = {
			isa = XCBuildConfiguration;
			buildSettings = {
				ASSETCATALOG_COMPILER_APPICON_NAME = AppIcon;
				ASSETCATALOG_COMPILER_GLOBAL_ACCENT_COLOR_NAME = AccentColor;
				CODE_SIGN_STYLE = Automatic;
				CURRENT_PROJECT_VERSION = 1;
				GENERATE_INFOPLIST_FILE = YES;
				INFOPLIST_FILE = "Project-1/Info.plist";
				INFOPLIST_KEY_UIApplicationSupportsIndirectInputEvents = YES;
				INFOPLIST_KEY_UILaunchStoryboardName = LaunchScreen;
				INFOPLIST_KEY_UIMainStoryboardFile = Main;
				INFOPLIST_KEY_UISupportedInterfaceOrientations_iPad = "UIInterfaceOrientationPortrait UIInterfaceOrientationPortraitUpsideDown UIInterfaceOrientationLandscapeLeft UIInterfaceOrientationLandscapeRight";
				INFOPLIST_KEY_UISupportedInterfaceOrientations_iPhone = "UIInterfaceOrientationPortrait UIInterfaceOrientationLandscapeLeft UIInterfaceOrientationLandscapeRight";
				LD_RUNPATH_SEARCH_PATHS = (
					"$(inherited)",
					"@executable_path/Frameworks",
				);
				MARKETING_VERSION = 1.0;
				PRODUCT_BUNDLE_IDENTIFIER = "swift.Project-1";
				PRODUCT_NAME = "$(TARGET_NAME)";
				SWIFT_EMIT_LOC_STRINGS = YES;
				SWIFT_VERSION = 5.0;
				TARGETED_DEVICE_FAMILY = "1,2";
			};
			name = Release;
		};
		0401EA9329BF4CF2004F8A70 /* Debug */ = {
			isa = XCBuildConfiguration;
			buildSettings = {
				ALWAYS_EMBED_SWIFT_STANDARD_LIBRARIES = YES;
				BUNDLE_LOADER = "$(TEST_HOST)";
				CODE_SIGN_STYLE = Automatic;
				CURRENT_PROJECT_VERSION = 1;
				GENERATE_INFOPLIST_FILE = YES;
				IPHONEOS_DEPLOYMENT_TARGET = 15.5;
				MARKETING_VERSION = 1.0;
				PRODUCT_BUNDLE_IDENTIFIER = "swift.Project-1Tests";
				PRODUCT_NAME = "$(TARGET_NAME)";
				SWIFT_EMIT_LOC_STRINGS = NO;
				SWIFT_VERSION = 5.0;
				TARGETED_DEVICE_FAMILY = "1,2";
				TEST_HOST = "$(BUILT_PRODUCTS_DIR)/Project-1.app/Project-1";
			};
			name = Debug;
		};
		0401EA9429BF4CF2004F8A70 /* Release */ = {
			isa = XCBuildConfiguration;
			buildSettings = {
				ALWAYS_EMBED_SWIFT_STANDARD_LIBRARIES = YES;
				BUNDLE_LOADER = "$(TEST_HOST)";
				CODE_SIGN_STYLE = Automatic;
				CURRENT_PROJECT_VERSION = 1;
				GENERATE_INFOPLIST_FILE = YES;
				IPHONEOS_DEPLOYMENT_TARGET = 15.5;
				MARKETING_VERSION = 1.0;
				PRODUCT_BUNDLE_IDENTIFIER = "swift.Project-1Tests";
				PRODUCT_NAME = "$(TARGET_NAME)";
				SWIFT_EMIT_LOC_STRINGS = NO;
				SWIFT_VERSION = 5.0;
				TARGETED_DEVICE_FAMILY = "1,2";
				TEST_HOST = "$(BUILT_PRODUCTS_DIR)/Project-1.app/Project-1";
			};
			name = Release;
		};
		0401EA9629BF4CF2004F8A70 /* Debug */ = {
			isa = XCBuildConfiguration;
			buildSettings = {
				ALWAYS_EMBED_SWIFT_STANDARD_LIBRARIES = YES;
				CODE_SIGN_STYLE = Automatic;
				CURRENT_PROJECT_VERSION = 1;
				GENERATE_INFOPLIST_FILE = YES;
				MARKETING_VERSION = 1.0;
				PRODUCT_BUNDLE_IDENTIFIER = "swift.Project-1UITests";
				PRODUCT_NAME = "$(TARGET_NAME)";
				SWIFT_EMIT_LOC_STRINGS = NO;
				SWIFT_VERSION = 5.0;
				TARGETED_DEVICE_FAMILY = "1,2";
				TEST_TARGET_NAME = "Project-1";
			};
			name = Debug;
		};
		0401EA9729BF4CF2004F8A70 /* Release */ = {
			isa = XCBuildConfiguration;
			buildSettings = {
				ALWAYS_EMBED_SWIFT_STANDARD_LIBRARIES = YES;
				CODE_SIGN_STYLE = Automatic;
				CURRENT_PROJECT_VERSION = 1;
				GENERATE_INFOPLIST_FILE = YES;
				MARKETING_VERSION = 1.0;
				PRODUCT_BUNDLE_IDENTIFIER = "swift.Project-1UITests";
				PRODUCT_NAME = "$(TARGET_NAME)";
				SWIFT_EMIT_LOC_STRINGS = NO;
				SWIFT_VERSION = 5.0;
				TARGETED_DEVICE_FAMILY = "1,2";
				TEST_TARGET_NAME = "Project-1";
			};
			name = Release;
		};
/* End XCBuildConfiguration section */

/* Begin XCConfigurationList section */
		0401EA6029BF4CF0004F8A70 /* Build configuration list for PBXProject "Project-1" */ = {
			isa = XCConfigurationList;
			buildConfigurations = (
				0401EA8D29BF4CF2004F8A70 /* Debug */,
				0401EA8E29BF4CF2004F8A70 /* Release */,
			);
			defaultConfigurationIsVisible = 0;
			defaultConfigurationName = Release;
		};
		0401EA8F29BF4CF2004F8A70 /* Build configuration list for PBXNativeTarget "Project-1" */ = {
			isa = XCConfigurationList;
			buildConfigurations = (
				0401EA9029BF4CF2004F8A70 /* Debug */,
				0401EA9129BF4CF2004F8A70 /* Release */,
			);
			defaultConfigurationIsVisible = 0;
			defaultConfigurationName = Release;
		};
		0401EA9229BF4CF2004F8A70 /* Build configuration list for PBXNativeTarget "Project-1Tests" */ = {
			isa = XCConfigurationList;
			buildConfigurations = (
				0401EA9329BF4CF2004F8A70 /* Debug */,
				0401EA9429BF4CF2004F8A70 /* Release */,
			);
			defaultConfigurationIsVisible = 0;
			defaultConfigurationName = Release;
		};
		0401EA9529BF4CF2004F8A70 /* Build configuration list for PBXNativeTarget "Project-1UITests" */ = {
			isa = XCConfigurationList;
			buildConfigurations = (
				0401EA9629BF4CF2004F8A70 /* Debug */,
				0401EA9729BF4CF2004F8A70 /* Release */,
			);
			defaultConfigurationIsVisible = 0;
			defaultConfigurationName = Release;
		};
/* End XCConfigurationList section */
	};
	rootObject = 0401EA5D29BF4CF0004F8A70 /* Project object */;
}
